packages:
- package: calogica/dbt_expectations
  version: 0.8.5
- package: dbt-labs/dbt_utils
  version: 1.0.0
- git: https://github.com/FlipsideCrypto/fsc-utils.git
  revision: 62b0feddb2a43106cecfe0fb826917ac5a573714
- package: get-select/dbt_snowflake_query_tags
  version: 2.3.3
- package: calogica/dbt_date
  version: 0.7.2
- git: https://github.com/FlipsideCrypto/livequery-models.git
  revision: 32ff24fe127bf88cd1917765ec8042f4533c3056
sha1_hash: 38cb0306ffd2e15a4cfde2432f889a052f8f5642
